
Microsoft Visual Studio Solution File, Format Version 12.00
# Visual Studio Version 17
VisualStudioVersion = 17.2.32422.2
MinimumVisualStudioVersion = 10.0.40219.1
Project("{9A19103F-16F7-4668-BE54-9A1E7A4F7556}") = "SujaySarma.Data.Files.TokenLimitedFiles", "SujaySarma.Data.Files.TokenLimitedFiles.csproj", "{FE42E9DE-0FF1-4AEA-BAFA-BB9C2FA9CD78}"
EndProject
Global
	GlobalSection(SolutionConfigurationPlatforms) = preSolution
		Debug|Any CPU = Debug|Any CPU
		Release|Any CPU = Release|Any CPU
	EndGlobalSection
	GlobalSection(ProjectConfigurationPlatforms) = postSolution
		{FE42E9DE-0FF1-4AEA-BAFA-BB9C2FA9CD78}.Debug|Any CPU.ActiveCfg = Debug|Any CPU
		{FE42E9DE-0FF1-4AEA-BAFA-BB9C2FA9CD78}.Debug|Any CPU.Build.0 = Debug|Any CPU
		{FE42E9DE-0FF1-4AEA-BAFA-BB9C2FA9CD78}.Release|Any CPU.ActiveCfg = Release|Any CPU
		{FE42E9DE-0FF1-4AEA-BAFA-BB9C2FA9CD78}.Release|Any CPU.Build.0 = Release|Any CPU
	EndGlobalSection
	GlobalSection(SolutionProperties) = preSolution
		HideSolutionNode = FALSE
	EndGlobalSection
	GlobalSection(ExtensibilityGlobals) = postSolution
		SolutionGuid = {47282331-49E1-4CFB-B463-5B99AD6F88D7}
	EndGlobalSection
EndGlobal
